
Microsoft Visual Studio Solution File, Format Version 12.00
# Visual Studio Version 17
VisualStudioVersion = 17.7.34202.233
MinimumVisualStudioVersion = 10.0.40219.1
Project("{FAE04EC0-301F-11D3-BF4B-00C04F79EFBC}") = "Lab4", "Lab4\Lab4.csproj", "{DA3709CB-8248-4553-98D3-E204F6F2482F}"
EndProject
Global
	GlobalSection(SolutionConfigurationPlatforms) = preSolution
		Debug|Any CPU = Debug|Any CPU
		Release|Any CPU = Release|Any CPU
	EndGlobalSection
	GlobalSection(ProjectConfigurationPlatforms) = postSolution
		{DA3709CB-8248-4553-98D3-E204F6F2482F}.Debug|Any CPU.ActiveCfg = Debug|Any CPU
		{DA3709CB-8248-4553-98D3-E204F6F2482F}.Debug|Any CPU.Build.0 = Debug|Any CPU
		{DA3709CB-8248-4553-98D3-E204F6F2482F}.Release|Any CPU.ActiveCfg = Release|Any CPU
		{DA3709CB-8248-4553-98D3-E204F6F2482F}.Release|Any CPU.Build.0 = Release|Any CPU
	EndGlobalSection
	GlobalSection(SolutionProperties) = preSolution
		HideSolutionNode = FALSE
	EndGlobalSection
	GlobalSection(ExtensibilityGlobals) = postSolution
		SolutionGuid = {4E5197FB-31DB-491F-990B-07BA690B7F74}
	EndGlobalSection
EndGlobal
